
Microsoft Visual Studio Solution File, Format Version 12.00
# Visual Studio 15
VisualStudioVersion = 15.0.28307.271
MinimumVisualStudioVersion = 10.0.40219.1
Project("{FAE04EC0-301F-11D3-BF4B-00C04F79EFBC}") = "WebApp", "WebApp\WebApp.csproj", "{83F7F037-0872-47C7-A890-EBDCE9B112DF}"
EndProject
Project("{FAE04EC0-301F-11D3-BF4B-00C04F79EFBC}") = "GroceryList.Data", "GroceryList.Data\GroceryList.Data.csproj", "{0DE42DA9-1490-4864-B13B-B4137E53A4A2}"
EndProject
Project("{FAE04EC0-301F-11D3-BF4B-00C04F79EFBC}") = "GroceryListSystem", "GroceryListSystem\GroceryListSystem.csproj", "{0303C148-823D-49F0-A683-4B2553559F5F}"
EndProject
Global
	GlobalSection(SolutionConfigurationPlatforms) = preSolution
		Debug|Any CPU = Debug|Any CPU
		Release|Any CPU = Release|Any CPU
	EndGlobalSection
	GlobalSection(ProjectConfigurationPlatforms) = postSolution
		{83F7F037-0872-47C7-A890-EBDCE9B112DF}.Debug|Any CPU.ActiveCfg = Debug|Any CPU
		{83F7F037-0872-47C7-A890-EBDCE9B112DF}.Debug|Any CPU.Build.0 = Debug|Any CPU
		{83F7F037-0872-47C7-A890-EBDCE9B112DF}.Release|Any CPU.ActiveCfg = Release|Any CPU
		{83F7F037-0872-47C7-A890-EBDCE9B112DF}.Release|Any CPU.Build.0 = Release|Any CPU
		{0DE42DA9-1490-4864-B13B-B4137E53A4A2}.Debug|Any CPU.ActiveCfg = Debug|Any CPU
		{0DE42DA9-1490-4864-B13B-B4137E53A4A2}.Debug|Any CPU.Build.0 = Debug|Any CPU
		{0DE42DA9-1490-4864-B13B-B4137E53A4A2}.Release|Any CPU.ActiveCfg = Release|Any CPU
		{0DE42DA9-1490-4864-B13B-B4137E53A4A2}.Release|Any CPU.Build.0 = Release|Any CPU
		{0303C148-823D-49F0-A683-4B2553559F5F}.Debug|Any CPU.ActiveCfg = Debug|Any CPU
		{0303C148-823D-49F0-A683-4B2553559F5F}.Debug|Any CPU.Build.0 = Debug|Any CPU
		{0303C148-823D-49F0-A683-4B2553559F5F}.Release|Any CPU.ActiveCfg = Release|Any CPU
		{0303C148-823D-49F0-A683-4B2553559F5F}.Release|Any CPU.Build.0 = Release|Any CPU
	EndGlobalSection
	GlobalSection(SolutionProperties) = preSolution
		HideSolutionNode = FALSE
	EndGlobalSection
	GlobalSection(ExtensibilityGlobals) = postSolution
		SolutionGuid = {28A1E2C8-376B-40B8-8CBE-62B687934C34}
	EndGlobalSection
EndGlobal
